
Microsoft Visual Studio Solution File, Format Version 12.00
# Visual Studio Version 17
VisualStudioVersion = 17.11.35312.102
MinimumVisualStudioVersion = 10.0.40219.1
Project("{FAE04EC0-301F-11D3-BF4B-00C04F79EFBC}") = "ToastMessageWhenCopied", "ToastMessageWhenCopied.csproj", "{DEBD62F6-2933-4C72-839F-485A67D41A81}"
EndProject
Global
	GlobalSection(SolutionConfigurationPlatforms) = preSolution
		Debug|Any CPU = Debug|Any CPU
		Release|Any CPU = Release|Any CPU
	EndGlobalSection
	GlobalSection(ProjectConfigurationPlatforms) = postSolution
		{DEBD62F6-2933-4C72-839F-485A67D41A81}.Debug|Any CPU.ActiveCfg = Debug|Any CPU
		{DEBD62F6-2933-4C72-839F-485A67D41A81}.Debug|Any CPU.Build.0 = Debug|Any CPU
		{DEBD62F6-2933-4C72-839F-485A67D41A81}.Release|Any CPU.ActiveCfg = Release|Any CPU
		{DEBD62F6-2933-4C72-839F-485A67D41A81}.Release|Any CPU.Build.0 = Release|Any CPU
	EndGlobalSection
	GlobalSection(SolutionProperties) = preSolution
		HideSolutionNode = FALSE
	EndGlobalSection
	GlobalSection(ExtensibilityGlobals) = postSolution
		SolutionGuid = {8A268A08-48C4-4CDA-B128-E81C98ED17F8}
	EndGlobalSection
EndGlobal
